
Microsoft Visual Studio Solution File, Format Version 12.00
# Visual Studio Version 17
VisualStudioVersion = 17.8.34322.80
MinimumVisualStudioVersion = 10.0.40219.1
Project("{FAE04EC0-301F-11D3-BF4B-00C04F79EFBC}") = "CSharpPortfolioNet7.Web", "CSharpPortfolioNet7.Web\CSharpPortfolioNet7.Web.csproj", "{50C821BE-F42D-4858-BCD4-9F50D6614CBA}"
EndProject
Project("{FAE04EC0-301F-11D3-BF4B-00C04F79EFBC}") = "CSharpPortfolioNet7.Data", "CSharpPortfolioNet7.Data\CSharpPortfolioNet7.Data.csproj", "{E743704A-5D37-44B3-95E2-7D9A0F0C32F7}"
EndProject
Project("{FAE04EC0-301F-11D3-BF4B-00C04F79EFBC}") = "CSharpPortfolioNet7.UiLogic", "CSharpPortfolioNet7.UiLogic\CSharpPortfolioNet7.UiLogic.csproj", "{6FBD9508-479B-422F-8EF3-443D94B04DC5}"
EndProject
Project("{FAE04EC0-301F-11D3-BF4B-00C04F79EFBC}") = "CSharpPortfolioNet7.UiLogic.Test", "CSharpPortfolioNet7.UiLogic.Test\CSharpPortfolioNet7.UiLogic.Test.csproj", "{5F4EFEBC-E3BD-425C-B186-2F4236744C5E}"
EndProject
Global
	GlobalSection(SolutionConfigurationPlatforms) = preSolution
		Debug|Any CPU = Debug|Any CPU
		Release|Any CPU = Release|Any CPU
	EndGlobalSection
	GlobalSection(ProjectConfigurationPlatforms) = postSolution
		{50C821BE-F42D-4858-BCD4-9F50D6614CBA}.Debug|Any CPU.ActiveCfg = Debug|Any CPU
		{50C821BE-F42D-4858-BCD4-9F50D6614CBA}.Debug|Any CPU.Build.0 = Debug|Any CPU
		{50C821BE-F42D-4858-BCD4-9F50D6614CBA}.Release|Any CPU.ActiveCfg = Release|Any CPU
		{50C821BE-F42D-4858-BCD4-9F50D6614CBA}.Release|Any CPU.Build.0 = Release|Any CPU
		{E743704A-5D37-44B3-95E2-7D9A0F0C32F7}.Debug|Any CPU.ActiveCfg = Debug|Any CPU
		{E743704A-5D37-44B3-95E2-7D9A0F0C32F7}.Debug|Any CPU.Build.0 = Debug|Any CPU
		{E743704A-5D37-44B3-95E2-7D9A0F0C32F7}.Release|Any CPU.ActiveCfg = Release|Any CPU
		{E743704A-5D37-44B3-95E2-7D9A0F0C32F7}.Release|Any CPU.Build.0 = Release|Any CPU
		{6FBD9508-479B-422F-8EF3-443D94B04DC5}.Debug|Any CPU.ActiveCfg = Debug|Any CPU
		{6FBD9508-479B-422F-8EF3-443D94B04DC5}.Debug|Any CPU.Build.0 = Debug|Any CPU
		{6FBD9508-479B-422F-8EF3-443D94B04DC5}.Release|Any CPU.ActiveCfg = Release|Any CPU
		{6FBD9508-479B-422F-8EF3-443D94B04DC5}.Release|Any CPU.Build.0 = Release|Any CPU
		{5F4EFEBC-E3BD-425C-B186-2F4236744C5E}.Debug|Any CPU.ActiveCfg = Debug|Any CPU
		{5F4EFEBC-E3BD-425C-B186-2F4236744C5E}.Debug|Any CPU.Build.0 = Debug|Any CPU
		{5F4EFEBC-E3BD-425C-B186-2F4236744C5E}.Release|Any CPU.ActiveCfg = Release|Any CPU
		{5F4EFEBC-E3BD-425C-B186-2F4236744C5E}.Release|Any CPU.Build.0 = Release|Any CPU
	EndGlobalSection
	GlobalSection(SolutionProperties) = preSolution
		HideSolutionNode = FALSE
	EndGlobalSection
	GlobalSection(ExtensibilityGlobals) = postSolution
		SolutionGuid = {FC0A399B-5802-48F8-9FCD-F86BA5367CFB}
	EndGlobalSection
EndGlobal
